
Microsoft Visual Studio Solution File, Format Version 12.00
# Visual Studio Version 17
VisualStudioVersion = 17.5.002.0
MinimumVisualStudioVersion = 10.0.40219.1
Project("{9A19103F-16F7-4668-BE54-9A1E7A4F7556}") = "FeatureDocs", "FeatureDocs.csproj", "{D84ADCE7-FF01-4631-AEA4-18DD1B0A9963}"
EndProject
Global
	GlobalSection(SolutionConfigurationPlatforms) = preSolution
		Debug|Any CPU = Debug|Any CPU
		Release|Any CPU = Release|Any CPU
	EndGlobalSection
	GlobalSection(ProjectConfigurationPlatforms) = postSolution
		{D84ADCE7-FF01-4631-AEA4-18DD1B0A9963}.Debug|Any CPU.ActiveCfg = Debug|Any CPU
		{D84ADCE7-FF01-4631-AEA4-18DD1B0A9963}.Debug|Any CPU.Build.0 = Debug|Any CPU
		{D84ADCE7-FF01-4631-AEA4-18DD1B0A9963}.Release|Any CPU.ActiveCfg = Release|Any CPU
		{D84ADCE7-FF01-4631-AEA4-18DD1B0A9963}.Release|Any CPU.Build.0 = Release|Any CPU
	EndGlobalSection
	GlobalSection(SolutionProperties) = preSolution
		HideSolutionNode = FALSE
	EndGlobalSection
	GlobalSection(ExtensibilityGlobals) = postSolution
		SolutionGuid = {60A4D94D-42B3-469B-9637-98531619D918}
	EndGlobalSection
EndGlobal
